
Microsoft Visual Studio Solution File, Format Version 12.00
# Visual Studio 2012
Project("{FAE04EC0-301F-11D3-BF4B-00C04F79EFBC}") = "TranserComentarios", "TranserComentarios\TranserComentarios.csproj", "{DEEFE7A5-F09F-4F89-8DDC-B4EDCCC1A6DD}"
EndProject
Global
	GlobalSection(SolutionConfigurationPlatforms) = preSolution
		Debug|Any CPU = Debug|Any CPU
		Release|Any CPU = Release|Any CPU
	EndGlobalSection
	GlobalSection(ProjectConfigurationPlatforms) = postSolution
		{DEEFE7A5-F09F-4F89-8DDC-B4EDCCC1A6DD}.Debug|Any CPU.ActiveCfg = Debug|Any CPU
		{DEEFE7A5-F09F-4F89-8DDC-B4EDCCC1A6DD}.Debug|Any CPU.Build.0 = Debug|Any CPU
		{DEEFE7A5-F09F-4F89-8DDC-B4EDCCC1A6DD}.Release|Any CPU.ActiveCfg = Release|Any CPU
		{DEEFE7A5-F09F-4F89-8DDC-B4EDCCC1A6DD}.Release|Any CPU.Build.0 = Release|Any CPU
	EndGlobalSection
	GlobalSection(SolutionProperties) = preSolution
		HideSolutionNode = FALSE
	EndGlobalSection
EndGlobal
